
Microsoft Visual Studio Solution File, Format Version 12.00
# Visual Studio Version 17
VisualStudioVersion = 17.10.35013.160
MinimumVisualStudioVersion = 10.0.40219.1
Project("{9A19103F-16F7-4668-BE54-9A1E7A4F7556}") = "WebProject", "WebProject\WebProject.csproj", "{CC9258EE-80A1-452B-BEB5-7C123A7C328B}"
EndProject
Project("{FAE04EC0-301F-11D3-BF4B-00C04F79EFBC}") = "University.Domain", "University.Domain\University.Domain.csproj", "{07A2FAF4-A712-4495-B5F5-1111B8C495B0}"
EndProject
Project("{FAE04EC0-301F-11D3-BF4B-00C04F79EFBC}") = "University.Infrastructure", "University.Infrastructure\University.Infrastructure.csproj", "{7CB93768-3B2B-40E1-A058-3BCA08F64D72}"
EndProject
Global
	GlobalSection(SolutionConfigurationPlatforms) = preSolution
		Debug|Any CPU = Debug|Any CPU
		Release|Any CPU = Release|Any CPU
	EndGlobalSection
	GlobalSection(ProjectConfigurationPlatforms) = postSolution
		{CC9258EE-80A1-452B-BEB5-7C123A7C328B}.Debug|Any CPU.ActiveCfg = Debug|Any CPU
		{CC9258EE-80A1-452B-BEB5-7C123A7C328B}.Debug|Any CPU.Build.0 = Debug|Any CPU
		{CC9258EE-80A1-452B-BEB5-7C123A7C328B}.Release|Any CPU.ActiveCfg = Release|Any CPU
		{CC9258EE-80A1-452B-BEB5-7C123A7C328B}.Release|Any CPU.Build.0 = Release|Any CPU
		{07A2FAF4-A712-4495-B5F5-1111B8C495B0}.Debug|Any CPU.ActiveCfg = Debug|Any CPU
		{07A2FAF4-A712-4495-B5F5-1111B8C495B0}.Debug|Any CPU.Build.0 = Debug|Any CPU
		{07A2FAF4-A712-4495-B5F5-1111B8C495B0}.Release|Any CPU.ActiveCfg = Release|Any CPU
		{07A2FAF4-A712-4495-B5F5-1111B8C495B0}.Release|Any CPU.Build.0 = Release|Any CPU
		{7CB93768-3B2B-40E1-A058-3BCA08F64D72}.Debug|Any CPU.ActiveCfg = Debug|Any CPU
		{7CB93768-3B2B-40E1-A058-3BCA08F64D72}.Debug|Any CPU.Build.0 = Debug|Any CPU
		{7CB93768-3B2B-40E1-A058-3BCA08F64D72}.Release|Any CPU.ActiveCfg = Release|Any CPU
		{7CB93768-3B2B-40E1-A058-3BCA08F64D72}.Release|Any CPU.Build.0 = Release|Any CPU
	EndGlobalSection
	GlobalSection(SolutionProperties) = preSolution
		HideSolutionNode = FALSE
	EndGlobalSection
	GlobalSection(ExtensibilityGlobals) = postSolution
		SolutionGuid = {B16D76F7-F002-495B-AA9D-79E10FA55DF7}
	EndGlobalSection
EndGlobal
